
Microsoft Visual Studio Solution File, Format Version 12.00
# Visual Studio 15
VisualStudioVersion = 15.0.28010.2026
MinimumVisualStudioVersion = 10.0.40219.1
Project("{FAE04EC0-301F-11D3-BF4B-00C04F79EFBC}") = "HostingManagmentSystem", "HostingManagmentSystem\HostingManagmentSystem.csproj", "{2A7D6F1E-7932-4AAD-B87E-45C071DA275A}"
EndProject
Project("{FAE04EC0-301F-11D3-BF4B-00C04F79EFBC}") = "HostingManagmentSystem.Domain", "HostingManagmentSystem.Domain\HostingManagmentSystem.Domain.csproj", "{2B75FD24-E022-4138-B283-BFF86995B423}"
EndProject
Project("{FAE04EC0-301F-11D3-BF4B-00C04F79EFBC}") = "HostingManagmentSystem.RESTfulWCF", "HostingManagmentSystem.RESTfulWCF\HostingManagmentSystem.RESTfulWCF.csproj", "{0F9E03B5-0612-466D-BC91-E6F564C77D68}"
EndProject
Project("{FAE04EC0-301F-11D3-BF4B-00C04F79EFBC}") = "Web", "Web\Web.csproj", "{BB593315-07A9-4493-A4E2-9E8F38D761C2}"
EndProject
Global
	GlobalSection(SolutionConfigurationPlatforms) = preSolution
		Debug|Any CPU = Debug|Any CPU
		Release|Any CPU = Release|Any CPU
	EndGlobalSection
	GlobalSection(ProjectConfigurationPlatforms) = postSolution
		{2A7D6F1E-7932-4AAD-B87E-45C071DA275A}.Debug|Any CPU.ActiveCfg = Debug|Any CPU
		{2A7D6F1E-7932-4AAD-B87E-45C071DA275A}.Debug|Any CPU.Build.0 = Debug|Any CPU
		{2A7D6F1E-7932-4AAD-B87E-45C071DA275A}.Release|Any CPU.ActiveCfg = Release|Any CPU
		{2A7D6F1E-7932-4AAD-B87E-45C071DA275A}.Release|Any CPU.Build.0 = Release|Any CPU
		{2B75FD24-E022-4138-B283-BFF86995B423}.Debug|Any CPU.ActiveCfg = Debug|Any CPU
		{2B75FD24-E022-4138-B283-BFF86995B423}.Debug|Any CPU.Build.0 = Debug|Any CPU
		{2B75FD24-E022-4138-B283-BFF86995B423}.Release|Any CPU.ActiveCfg = Release|Any CPU
		{2B75FD24-E022-4138-B283-BFF86995B423}.Release|Any CPU.Build.0 = Release|Any CPU
		{0F9E03B5-0612-466D-BC91-E6F564C77D68}.Debug|Any CPU.ActiveCfg = Debug|Any CPU
		{0F9E03B5-0612-466D-BC91-E6F564C77D68}.Debug|Any CPU.Build.0 = Debug|Any CPU
		{0F9E03B5-0612-466D-BC91-E6F564C77D68}.Release|Any CPU.ActiveCfg = Release|Any CPU
		{0F9E03B5-0612-466D-BC91-E6F564C77D68}.Release|Any CPU.Build.0 = Release|Any CPU
		{BB593315-07A9-4493-A4E2-9E8F38D761C2}.Debug|Any CPU.ActiveCfg = Debug|Any CPU
		{BB593315-07A9-4493-A4E2-9E8F38D761C2}.Debug|Any CPU.Build.0 = Debug|Any CPU
		{BB593315-07A9-4493-A4E2-9E8F38D761C2}.Release|Any CPU.ActiveCfg = Release|Any CPU
		{BB593315-07A9-4493-A4E2-9E8F38D761C2}.Release|Any CPU.Build.0 = Release|Any CPU
	EndGlobalSection
	GlobalSection(SolutionProperties) = preSolution
		HideSolutionNode = FALSE
	EndGlobalSection
	GlobalSection(ExtensibilityGlobals) = postSolution
		SolutionGuid = {85DB6EEB-D836-4E00-A893-53447D087EC9}
	EndGlobalSection
EndGlobal
